{
  "pins" : [
    {
      "identity" : "toast-swift",
      "kind" : "remoteSourceControl",
      "location" : "https://github.com/BastiaanJansen/toast-swift.git",
      "state" : {
        "revision" : "dcd6e1ff17c732033eaecbfff1c55954f670b2f9",
        "version" : "1.0.4"
      }
    }
  ],
  "version" : 2
}
