// !$*UTF8*$!
{
	archiveVersion = 1;
	classes = {
	};
	objectVersion = 55;
	objects = {

/* Begin PBXBuildFile section */
		BD1670052773084400856062 /* SearchMapView.swift in Sources */ = {isa = PBXBuildFile; fileRef = BD1670042773084400856062 /* SearchMapView.swift */; };
		BD24D4EE2782CFAF00E7ED83 /* String+RawPhoneNumber.swift in Sources */ = {isa = PBXBuildFile; fileRef = BD24D4ED2782CFAF00E7ED83 /* String+RawPhoneNumber.swift */; };
		BD24D4F22782DBD500E7ED83 /* SearchMapTableViewCell.swift in Sources */ = {isa = PBXBuildFile; fileRef = BD24D4F12782DBD500E7ED83 /* SearchMapTableViewCell.swift */; };
		BD24D4F42782DC5900E7ED83 /* UIView+addAndPinSubview.swift in Sources */ = {isa = PBXBuildFile; fileRef = BD24D4F32782DC5900E7ED83 /* UIView+addAndPinSubview.swift */; };
		BD256E042787D47100F6BD72 /* FavoritesDataStore.swift in Sources */ = {isa = PBXBuildFile; fileRef = BD256E032787D47100F6BD72 /* FavoritesDataStore.swift */; };
		BD256E072787D53100F6BD72 /* Destination.swift in Sources */ = {isa = PBXBuildFile; fileRef = BD256E062787D53100F6BD72 /* Destination.swift */; };
		BD256E092787D7DB00F6BD72 /* AutocompleteTableViewCell.swift in Sources */ = {isa = PBXBuildFile; fileRef = BD256E082787D7DB00F6BD72 /* AutocompleteTableViewCell.swift */; };
		BD39DE37276C28D300AF8B57 /* NavigationViewModel.swift in Sources */ = {isa = PBXBuildFile; fileRef = BD39DE36276C28D300AF8B57 /* NavigationViewModel.swift */; };
		BD39DE39276C2CB200AF8B57 /* CLLocation+Angle.swift in Sources */ = {isa = PBXBuildFile; fileRef = BD39DE38276C2CB200AF8B57 /* CLLocation+Angle.swift */; };
		BD39DE4D276D3BD300AF8B57 /* NavvyAccesibilityHeadingTests.swift in Sources */ = {isa = PBXBuildFile; fileRef = BD39DE4B276D3BD300AF8B57 /* NavvyAccesibilityHeadingTests.swift */; };
		BD39DE4E276D3BD300AF8B57 /* NavvyDirectionTests.swift in Sources */ = {isa = PBXBuildFile; fileRef = BD39DE4C276D3BD300AF8B57 /* NavvyDirectionTests.swift */; };
		BD39DE53276D4B0300AF8B57 /* Publisher+weaklyAssign.swift in Sources */ = {isa = PBXBuildFile; fileRef = BD39DE52276D4B0300AF8B57 /* Publisher+weaklyAssign.swift */; };
		BD504E27276FB44A0042A247 /* Colors.swift in Sources */ = {isa = PBXBuildFile; fileRef = BD504E26276FB44A0042A247 /* Colors.swift */; };
		BD54D053277D823E00B44F05 /* DestinationDetailsView.swift in Sources */ = {isa = PBXBuildFile; fileRef = BD54D052277D823E00B44F05 /* DestinationDetailsView.swift */; };
		BD54D0552782B2C300B44F05 /* NavigationVC.swift in Sources */ = {isa = PBXBuildFile; fileRef = BD54D0542782B2C300B44F05 /* NavigationVC.swift */; };
		BD58412927759643004841B7 /* DestinationConfirmationVC.swift in Sources */ = {isa = PBXBuildFile; fileRef = BD58412827759643004841B7 /* DestinationConfirmationVC.swift */; };
		BD58412B2775A8CE004841B7 /* CLLocationCoordinate2D+Formatted.swift in Sources */ = {isa = PBXBuildFile; fileRef = BD58412A2775A8CE004841B7 /* CLLocationCoordinate2D+Formatted.swift */; };
		BD58412E2775B059004841B7 /* Confirmation+Previews.swift in Sources */ = {isa = PBXBuildFile; fileRef = BD58412D2775B059004841B7 /* Confirmation+Previews.swift */; };
		BD58413A2775B1BD004841B7 /* BeginNavigationButton.swift in Sources */ = {isa = PBXBuildFile; fileRef = BD5841392775B1BD004841B7 /* BeginNavigationButton.swift */; };
		BD5F096127683292005ADADC /* DetailedSearchTableViewCell.swift in Sources */ = {isa = PBXBuildFile; fileRef = BD5F096027683292005ADADC /* DetailedSearchTableViewCell.swift */; };
		BD5F096327683844005ADADC /* SSAnnotation.swift in Sources */ = {isa = PBXBuildFile; fileRef = BD5F096227683844005ADADC /* SSAnnotation.swift */; };
		BD653055276AEE64001CA8C0 /* UIViewController+addChildViewController.swift in Sources */ = {isa = PBXBuildFile; fileRef = BD653054276AEE64001CA8C0 /* UIViewController+addChildViewController.swift */; };
		BD65305B276B0670001CA8C0 /* NavigationManager.swift in Sources */ = {isa = PBXBuildFile; fileRef = BD65305A276B0670001CA8C0 /* NavigationManager.swift */; };
		BD787FFB2767FF27009D4F2C /* AppDelegate.swift in Sources */ = {isa = PBXBuildFile; fileRef = BD787FFA2767FF27009D4F2C /* AppDelegate.swift */; };
		BD787FFD2767FF27009D4F2C /* SceneDelegate.swift in Sources */ = {isa = PBXBuildFile; fileRef = BD787FFC2767FF27009D4F2C /* SceneDelegate.swift */; };
		BD787FFF2767FF27009D4F2C /* MainTabBarController.swift in Sources */ = {isa = PBXBuildFile; fileRef = BD787FFE2767FF27009D4F2C /* MainTabBarController.swift */; };
		BD7880052767FF27009D4F2C /* Navvy.xcdatamodeld in Sources */ = {isa = PBXBuildFile; fileRef = BD7880032767FF27009D4F2C /* Navvy.xcdatamodeld */; };
		BD7880072767FF29009D4F2C /* Assets.xcassets in Resources */ = {isa = PBXBuildFile; fileRef = BD7880062767FF29009D4F2C /* Assets.xcassets */; };
		BD78800A2767FF29009D4F2C /* LaunchScreen.storyboard in Resources */ = {isa = PBXBuildFile; fileRef = BD7880082767FF29009D4F2C /* LaunchScreen.storyboard */; };
		BD788012276800E4009D4F2C /* LocationSearchVC.swift in Sources */ = {isa = PBXBuildFile; fileRef = BD788011276800E3009D4F2C /* LocationSearchVC.swift */; };
		BD78801627680899009D4F2C /* AutocompleteResultsVC.swift in Sources */ = {isa = PBXBuildFile; fileRef = BD78801527680899009D4F2C /* AutocompleteResultsVC.swift */; };
		BD78801C27680ADA009D4F2C /* SearchViewModel.swift in Sources */ = {isa = PBXBuildFile; fileRef = BD788019276809A3009D4F2C /* SearchViewModel.swift */; };
		BD78801D27680ADC009D4F2C /* LocalSearchPublishers.swift in Sources */ = {isa = PBXBuildFile; fileRef = BD788018276809A3009D4F2C /* LocalSearchPublishers.swift */; };
		BD78801E27680AE3009D4F2C /* LocationManager.swift in Sources */ = {isa = PBXBuildFile; fileRef = BD78801B27680A0D009D4F2C /* LocationManager.swift */; };
		BD78802627682AEB009D4F2C /* MKCoordinateRegion+Extensions.swift in Sources */ = {isa = PBXBuildFile; fileRef = BD78802527682AEB009D4F2C /* MKCoordinateRegion+Extensions.swift */; };
		BD78802927682D0B009D4F2C /* DetailedSearchVC.swift in Sources */ = {isa = PBXBuildFile; fileRef = BD78802827682D0B009D4F2C /* DetailedSearchVC.swift */; };
		BDD22CA72769477C00AE6D0F /* MKPointOfInterestCategory+Icon.swift in Sources */ = {isa = PBXBuildFile; fileRef = BDD22CA62769477C00AE6D0F /* MKPointOfInterestCategory+Icon.swift */; };
		BDE2756827862FF600902106 /* UITableViewCell+reuseId.swift in Sources */ = {isa = PBXBuildFile; fileRef = BDE2756727862FF600902106 /* UITableViewCell+reuseId.swift */; };
		BDF9DE3C2784F19B00A77D53 /* SettingsVC.swift in Sources */ = {isa = PBXBuildFile; fileRef = BDF9DE3B2784F19B00A77D53 /* SettingsVC.swift */; };
		BDF9DE3E2784F40900A77D53 /* SettingsOption.swift in Sources */ = {isa = PBXBuildFile; fileRef = BDF9DE3D2784F40900A77D53 /* SettingsOption.swift */; };
		BDF9DE402784F78300A77D53 /* SettingsStore.swift in Sources */ = {isa = PBXBuildFile; fileRef = BDF9DE3F2784F78300A77D53 /* SettingsStore.swift */; };
		BDF9DE472785056200A77D53 /* SettingsView.swift in Sources */ = {isa = PBXBuildFile; fileRef = BDF9DE462785056200A77D53 /* SettingsView.swift */; };
		BDF9DE492785067C00A77D53 /* SettingsViewModel.swift in Sources */ = {isa = PBXBuildFile; fileRef = BDF9DE482785067C00A77D53 /* SettingsViewModel.swift */; };
		BDF9DE4D278506F300A77D53 /* View+PreviewHelpers.swift in Sources */ = {isa = PBXBuildFile; fileRef = BDF9DE4C278506F300A77D53 /* View+PreviewHelpers.swift */; };
		BDF9DE4F27850BA500A77D53 /* GroupBoxStyles.swift in Sources */ = {isa = PBXBuildFile; fileRef = BDF9DE4E27850BA400A77D53 /* GroupBoxStyles.swift */; };
		BDF9DE522785148600A77D53 /* FavoritesVC.swift in Sources */ = {isa = PBXBuildFile; fileRef = BDF9DE512785148600A77D53 /* FavoritesVC.swift */; };
/* End PBXBuildFile section */

/* Begin PBXContainerItemProxy section */
		BD39DE42276D3B9200AF8B57 /* PBXContainerItemProxy */ = {
			isa = PBXContainerItemProxy;
			containerPortal = BD787FEF2767FF27009D4F2C /* Project object */;
			proxyType = 1;
			remoteGlobalIDString = BD787FF62767FF27009D4F2C;
			remoteInfo = Navvy;
		};
/* End PBXContainerItemProxy section */

/* Begin PBXFileReference section */
		BD1670042773084400856062 /* SearchMapView.swift */ = {isa = PBXFileReference; lastKnownFileType = sourcecode.swift; path = SearchMapView.swift; sourceTree = "<group>"; };
		BD24D4ED2782CFAF00E7ED83 /* String+RawPhoneNumber.swift */ = {isa = PBXFileReference; lastKnownFileType = sourcecode.swift; path = "String+RawPhoneNumber.swift"; sourceTree = "<group>"; };
		BD24D4F12782DBD500E7ED83 /* SearchMapTableViewCell.swift */ = {isa = PBXFileReference; lastKnownFileType = sourcecode.swift; path = SearchMapTableViewCell.swift; sourceTree = "<group>"; };
		BD24D4F32782DC5900E7ED83 /* UIView+addAndPinSubview.swift */ = {isa = PBXFileReference; lastKnownFileType = sourcecode.swift; path = "UIView+addAndPinSubview.swift"; sourceTree = "<group>"; };
		BD256E032787D47100F6BD72 /* FavoritesDataStore.swift */ = {isa = PBXFileReference; lastKnownFileType = sourcecode.swift; path = FavoritesDataStore.swift; sourceTree = "<group>"; };
		BD256E062787D53100F6BD72 /* Destination.swift */ = {isa = PBXFileReference; lastKnownFileType = sourcecode.swift; path = Destination.swift; sourceTree = "<group>"; };
		BD256E082787D7DB00F6BD72 /* AutocompleteTableViewCell.swift */ = {isa = PBXFileReference; lastKnownFileType = sourcecode.swift; path = AutocompleteTableViewCell.swift; sourceTree = "<group>"; };
		BD39DE36276C28D300AF8B57 /* NavigationViewModel.swift */ = {isa = PBXFileReference; lastKnownFileType = sourcecode.swift; path = NavigationViewModel.swift; sourceTree = "<group>"; };
		BD39DE38276C2CB200AF8B57 /* CLLocation+Angle.swift */ = {isa = PBXFileReference; lastKnownFileType = sourcecode.swift; path = "CLLocation+Angle.swift"; sourceTree = "<group>"; };
		BD39DE3E276D3B9200AF8B57 /* NavvyTests.xctest */ = {isa = PBXFileReference; explicitFileType = wrapper.cfbundle; includeInIndex = 0; path = NavvyTests.xctest; sourceTree = BUILT_PRODUCTS_DIR; };
		BD39DE4B276D3BD300AF8B57 /* NavvyAccesibilityHeadingTests.swift */ = {isa = PBXFileReference; fileEncoding = 4; lastKnownFileType = sourcecode.swift; path = NavvyAccesibilityHeadingTests.swift; sourceTree = "<group>"; };
		BD39DE4C276D3BD300AF8B57 /* NavvyDirectionTests.swift */ = {isa = PBXFileReference; fileEncoding = 4; lastKnownFileType = sourcecode.swift; path = NavvyDirectionTests.swift; sourceTree = "<group>"; };
		BD39DE52276D4B0300AF8B57 /* Publisher+weaklyAssign.swift */ = {isa = PBXFileReference; lastKnownFileType = sourcecode.swift; path = "Publisher+weaklyAssign.swift"; sourceTree = "<group>"; };
		BD504E26276FB44A0042A247 /* Colors.swift */ = {isa = PBXFileReference; lastKnownFileType = sourcecode.swift; path = Colors.swift; sourceTree = "<group>"; };
		BD54D052277D823E00B44F05 /* DestinationDetailsView.swift */ = {isa = PBXFileReference; lastKnownFileType = sourcecode.swift; path = DestinationDetailsView.swift; sourceTree = "<group>"; };
		BD54D0542782B2C300B44F05 /* NavigationVC.swift */ = {isa = PBXFileReference; lastKnownFileType = sourcecode.swift; path = NavigationVC.swift; sourceTree = "<group>"; };
		BD58412827759643004841B7 /* DestinationConfirmationVC.swift */ = {isa = PBXFileReference; lastKnownFileType = sourcecode.swift; path = DestinationConfirmationVC.swift; sourceTree = "<group>"; };
		BD58412A2775A8CE004841B7 /* CLLocationCoordinate2D+Formatted.swift */ = {isa = PBXFileReference; lastKnownFileType = sourcecode.swift; path = "CLLocationCoordinate2D+Formatted.swift"; sourceTree = "<group>"; };
		BD58412D2775B059004841B7 /* Confirmation+Previews.swift */ = {isa = PBXFileReference; lastKnownFileType = sourcecode.swift; path = "Confirmation+Previews.swift"; sourceTree = "<group>"; };
		BD5841392775B1BD004841B7 /* BeginNavigationButton.swift */ = {isa = PBXFileReference; lastKnownFileType = sourcecode.swift; path = BeginNavigationButton.swift; sourceTree = "<group>"; };
		BD5F096027683292005ADADC /* DetailedSearchTableViewCell.swift */ = {isa = PBXFileReference; lastKnownFileType = sourcecode.swift; path = DetailedSearchTableViewCell.swift; sourceTree = "<group>"; };
		BD5F096227683844005ADADC /* SSAnnotation.swift */ = {isa = PBXFileReference; lastKnownFileType = sourcecode.swift; path = SSAnnotation.swift; sourceTree = "<group>"; };
		BD653054276AEE64001CA8C0 /* UIViewController+addChildViewController.swift */ = {isa = PBXFileReference; lastKnownFileType = sourcecode.swift; path = "UIViewController+addChildViewController.swift"; sourceTree = "<group>"; };
		BD65305A276B0670001CA8C0 /* NavigationManager.swift */ = {isa = PBXFileReference; lastKnownFileType = sourcecode.swift; path = NavigationManager.swift; sourceTree = "<group>"; };
		BD787FF72767FF27009D4F2C /* Navvy.app */ = {isa = PBXFileReference; explicitFileType = wrapper.application; includeInIndex = 0; path = Navvy.app; sourceTree = BUILT_PRODUCTS_DIR; };
		BD787FFA2767FF27009D4F2C /* AppDelegate.swift */ = {isa = PBXFileReference; lastKnownFileType = sourcecode.swift; path = AppDelegate.swift; sourceTree = "<group>"; };
		BD787FFC2767FF27009D4F2C /* SceneDelegate.swift */ = {isa = PBXFileReference; lastKnownFileType = sourcecode.swift; path = SceneDelegate.swift; sourceTree = "<group>"; };
		BD787FFE2767FF27009D4F2C /* MainTabBarController.swift */ = {isa = PBXFileReference; lastKnownFileType = sourcecode.swift; path = MainTabBarController.swift; sourceTree = "<group>"; };
		BD7880042767FF27009D4F2C /* Navvy.xcdatamodel */ = {isa = PBXFileReference; lastKnownFileType = wrapper.xcdatamodel; path = Navvy.xcdatamodel; sourceTree = "<group>"; };
		BD7880062767FF29009D4F2C /* Assets.xcassets */ = {isa = PBXFileReference; lastKnownFileType = folder.assetcatalog; path = Assets.xcassets; sourceTree = "<group>"; };
		BD7880092767FF29009D4F2C /* Base */ = {isa = PBXFileReference; lastKnownFileType = file.storyboard; name = Base; path = Base.lproj/LaunchScreen.storyboard; sourceTree = "<group>"; };
		BD78800B2767FF29009D4F2C /* Info.plist */ = {isa = PBXFileReference; lastKnownFileType = text.plist.xml; path = Info.plist; sourceTree = "<group>"; };
		BD788011276800E3009D4F2C /* LocationSearchVC.swift */ = {isa = PBXFileReference; lastKnownFileType = sourcecode.swift; path = LocationSearchVC.swift; sourceTree = "<group>"; };
		BD78801527680899009D4F2C /* AutocompleteResultsVC.swift */ = {isa = PBXFileReference; lastKnownFileType = sourcecode.swift; path = AutocompleteResultsVC.swift; sourceTree = "<group>"; };
		BD788018276809A3009D4F2C /* LocalSearchPublishers.swift */ = {isa = PBXFileReference; lastKnownFileType = sourcecode.swift; path = LocalSearchPublishers.swift; sourceTree = "<group>"; };
		BD788019276809A3009D4F2C /* SearchViewModel.swift */ = {isa = PBXFileReference; lastKnownFileType = sourcecode.swift; path = SearchViewModel.swift; sourceTree = "<group>"; };
		BD78801B27680A0D009D4F2C /* LocationManager.swift */ = {isa = PBXFileReference; lastKnownFileType = sourcecode.swift; path = LocationManager.swift; sourceTree = "<group>"; };
		BD78802527682AEB009D4F2C /* MKCoordinateRegion+Extensions.swift */ = {isa = PBXFileReference; lastKnownFileType = sourcecode.swift; path = "MKCoordinateRegion+Extensions.swift"; sourceTree = "<group>"; };
		BD78802827682D0B009D4F2C /* DetailedSearchVC.swift */ = {isa = PBXFileReference; lastKnownFileType = sourcecode.swift; path = DetailedSearchVC.swift; sourceTree = "<group>"; };
		BDD22CA62769477C00AE6D0F /* MKPointOfInterestCategory+Icon.swift */ = {isa = PBXFileReference; lastKnownFileType = sourcecode.swift; path = "MKPointOfInterestCategory+Icon.swift"; sourceTree = "<group>"; };
		BDE2756727862FF600902106 /* UITableViewCell+reuseId.swift */ = {isa = PBXFileReference; lastKnownFileType = sourcecode.swift; path = "UITableViewCell+reuseId.swift"; sourceTree = "<group>"; };
		BDF9DE3B2784F19B00A77D53 /* SettingsVC.swift */ = {isa = PBXFileReference; lastKnownFileType = sourcecode.swift; path = SettingsVC.swift; sourceTree = "<group>"; };
		BDF9DE3D2784F40900A77D53 /* SettingsOption.swift */ = {isa = PBXFileReference; lastKnownFileType = sourcecode.swift; path = SettingsOption.swift; sourceTree = "<group>"; };
		BDF9DE3F2784F78300A77D53 /* SettingsStore.swift */ = {isa = PBXFileReference; lastKnownFileType = sourcecode.swift; path = SettingsStore.swift; sourceTree = "<group>"; };
		BDF9DE462785056200A77D53 /* SettingsView.swift */ = {isa = PBXFileReference; lastKnownFileType = sourcecode.swift; path = SettingsView.swift; sourceTree = "<group>"; };
		BDF9DE482785067C00A77D53 /* SettingsViewModel.swift */ = {isa = PBXFileReference; lastKnownFileType = sourcecode.swift; path = SettingsViewModel.swift; sourceTree = "<group>"; };
		BDF9DE4C278506F300A77D53 /* View+PreviewHelpers.swift */ = {isa = PBXFileReference; lastKnownFileType = sourcecode.swift; path = "View+PreviewHelpers.swift"; sourceTree = "<group>"; };
		BDF9DE4E27850BA400A77D53 /* GroupBoxStyles.swift */ = {isa = PBXFileReference; lastKnownFileType = sourcecode.swift; path = GroupBoxStyles.swift; sourceTree = "<group>"; };
		BDF9DE512785148600A77D53 /* FavoritesVC.swift */ = {isa = PBXFileReference; lastKnownFileType = sourcecode.swift; path = FavoritesVC.swift; sourceTree = "<group>"; };
/* End PBXFileReference section */

/* Begin PBXFrameworksBuildPhase section */
		BD39DE3B276D3B9200AF8B57 /* Frameworks */ = {
			isa = PBXFrameworksBuildPhase;
			buildActionMask = 2147483647;
			files = (
			);
			runOnlyForDeploymentPostprocessing = 0;
		};
		BD787FF42767FF27009D4F2C /* Frameworks */ = {
			isa = PBXFrameworksBuildPhase;
			buildActionMask = 2147483647;
			files = (
			);
			runOnlyForDeploymentPostprocessing = 0;
		};
/* End PBXFrameworksBuildPhase section */

/* Begin PBXGroup section */
		BD24D4EC2782CFA300E7ED83 /* Foundation */ = {
			isa = PBXGroup;
			children = (
				BD24D4ED2782CFAF00E7ED83 /* String+RawPhoneNumber.swift */,
			);
			path = Foundation;
			sourceTree = "<group>";
		};
		BD39DE3F276D3B9200AF8B57 /* NavvyTests */ = {
			isa = PBXGroup;
			children = (
				BD39DE4B276D3BD300AF8B57 /* NavvyAccesibilityHeadingTests.swift */,
				BD39DE4C276D3BD300AF8B57 /* NavvyDirectionTests.swift */,
			);
			path = NavvyTests;
			sourceTree = "<group>";
		};
		BD39DE4F276D4AD300AF8B57 /* MapKit & CoreLocation */ = {
			isa = PBXGroup;
			children = (
				BD78802527682AEB009D4F2C /* MKCoordinateRegion+Extensions.swift */,
				BDD22CA62769477C00AE6D0F /* MKPointOfInterestCategory+Icon.swift */,
				BD58412A2775A8CE004841B7 /* CLLocationCoordinate2D+Formatted.swift */,
				BD39DE38276C2CB200AF8B57 /* CLLocation+Angle.swift */,
			);
			path = "MapKit & CoreLocation";
			sourceTree = "<group>";
		};
		BD39DE50276D4AE300AF8B57 /* UIKit */ = {
			isa = PBXGroup;
			children = (
				BD653054276AEE64001CA8C0 /* UIViewController+addChildViewController.swift */,
				BDE2756727862FF600902106 /* UITableViewCell+reuseId.swift */,
				BD24D4F32782DC5900E7ED83 /* UIView+addAndPinSubview.swift */,
			);
			path = UIKit;
			sourceTree = "<group>";
		};
		BD39DE51276D4AF100AF8B57 /* Combine */ = {
			isa = PBXGroup;
			children = (
				BD39DE52276D4B0300AF8B57 /* Publisher+weaklyAssign.swift */,
			);
			path = Combine;
			sourceTree = "<group>";
		};
		BD504E25276FB4320042A247 /* Shared */ = {
			isa = PBXGroup;
			children = (
				BD78801B27680A0D009D4F2C /* LocationManager.swift */,
				BD256E062787D53100F6BD72 /* Destination.swift */,
				BD504E26276FB44A0042A247 /* Colors.swift */,
				BD5F096227683844005ADADC /* SSAnnotation.swift */,
			);
			path = Shared;
			sourceTree = "<group>";
		};
		BD58412C2775B02E004841B7 /* Confirmation */ = {
			isa = PBXGroup;
			children = (
				BD58412827759643004841B7 /* DestinationConfirmationVC.swift */,
				BD54D052277D823E00B44F05 /* DestinationDetailsView.swift */,
				BD5841392775B1BD004841B7 /* BeginNavigationButton.swift */,
				BD58412D2775B059004841B7 /* Confirmation+Previews.swift */,
			);
			path = Confirmation;
			sourceTree = "<group>";
		};
		BD653059276B0660001CA8C0 /* Navigation */ = {
			isa = PBXGroup;
			children = (
				BD65305A276B0670001CA8C0 /* NavigationManager.swift */,
				BD39DE36276C28D300AF8B57 /* NavigationViewModel.swift */,
				BD54D0542782B2C300B44F05 /* NavigationVC.swift */,
			);
			path = Navigation;
			sourceTree = "<group>";
		};
		BD787FEE2767FF27009D4F2C = {
			isa = PBXGroup;
			children = (
				BD787FF92767FF27009D4F2C /* Navvy */,
				BD39DE3F276D3B9200AF8B57 /* NavvyTests */,
				BD787FF82767FF27009D4F2C /* Products */,
			);
			sourceTree = "<group>";
		};
		BD787FF82767FF27009D4F2C /* Products */ = {
			isa = PBXGroup;
			children = (
				BD787FF72767FF27009D4F2C /* Navvy.app */,
				BD39DE3E276D3B9200AF8B57 /* NavvyTests.xctest */,
			);
			name = Products;
			sourceTree = "<group>";
		};
		BD787FF92767FF27009D4F2C /* Navvy */ = {
			isa = PBXGroup;
			children = (
				BD787FFA2767FF27009D4F2C /* AppDelegate.swift */,
				BD787FFC2767FF27009D4F2C /* SceneDelegate.swift */,
				BD787FFE2767FF27009D4F2C /* MainTabBarController.swift */,
				BD78801327680884009D4F2C /* Search */,
				BD653059276B0660001CA8C0 /* Navigation */,
				BDF9DE502785146000A77D53 /* Favorites */,
				BDF9DE3A2784F13F00A77D53 /* Settings */,
				BD504E25276FB4320042A247 /* Shared */,
				BD78802427682AC9009D4F2C /* Extensions */,
				BD7880062767FF29009D4F2C /* Assets.xcassets */,
				BD7880032767FF27009D4F2C /* Navvy.xcdatamodeld */,
				BD7880082767FF29009D4F2C /* LaunchScreen.storyboard */,
				BD78800B2767FF29009D4F2C /* Info.plist */,
			);
			path = Navvy;
			sourceTree = "<group>";
		};
		BD78801327680884009D4F2C /* Search */ = {
			isa = PBXGroup;
			children = (
				BD788011276800E3009D4F2C /* LocationSearchVC.swift */,
				BD788019276809A3009D4F2C /* SearchViewModel.swift */,
				BD788023276829F5009D4F2C /* Autocomplete */,
				BD58412C2775B02E004841B7 /* Confirmation */,
				BD78802727682CD6009D4F2C /* Detailed Search */,
				BD788017276809A3009D4F2C /* Helpers */,
			);
			path = Search;
			sourceTree = "<group>";
		};
		BD788017276809A3009D4F2C /* Helpers */ = {
			isa = PBXGroup;
			children = (
				BD788018276809A3009D4F2C /* LocalSearchPublishers.swift */,
			);
			path = Helpers;
			sourceTree = "<group>";
		};
		BD788023276829F5009D4F2C /* Autocomplete */ = {
			isa = PBXGroup;
			children = (
				BD78801527680899009D4F2C /* AutocompleteResultsVC.swift */,
				BD256E082787D7DB00F6BD72 /* AutocompleteTableViewCell.swift */,
			);
			path = Autocomplete;
			sourceTree = "<group>";
		};
		BD78802427682AC9009D4F2C /* Extensions */ = {
			isa = PBXGroup;
			children = (
				BD39DE51276D4AF100AF8B57 /* Combine */,
				BD24D4EC2782CFA300E7ED83 /* Foundation */,
				BD39DE4F276D4AD300AF8B57 /* MapKit & CoreLocation */,
				BD39DE50276D4AE300AF8B57 /* UIKit */,
				BDF9DE4B2785069E00A77D53 /* SwiftUI */,
			);
			path = Extensions;
			sourceTree = "<group>";
		};
		BD78802727682CD6009D4F2C /* Detailed Search */ = {
			isa = PBXGroup;
			children = (
				BD78802827682D0B009D4F2C /* DetailedSearchVC.swift */,
				BD5F096027683292005ADADC /* DetailedSearchTableViewCell.swift */,
				BD24D4F12782DBD500E7ED83 /* SearchMapTableViewCell.swift */,
				BD1670042773084400856062 /* SearchMapView.swift */,
			);
			path = "Detailed Search";
			sourceTree = "<group>";
		};
		BDF9DE3A2784F13F00A77D53 /* Settings */ = {
			isa = PBXGroup;
			children = (
				BDF9DE3B2784F19B00A77D53 /* SettingsVC.swift */,
				BDF9DE462785056200A77D53 /* SettingsView.swift */,
				BDF9DE482785067C00A77D53 /* SettingsViewModel.swift */,
				BDF9DE3D2784F40900A77D53 /* SettingsOption.swift */,
				BDF9DE3F2784F78300A77D53 /* SettingsStore.swift */,
			);
			path = Settings;
			sourceTree = "<group>";
		};
		BDF9DE4B2785069E00A77D53 /* SwiftUI */ = {
			isa = PBXGroup;
			children = (
				BDF9DE4C278506F300A77D53 /* View+PreviewHelpers.swift */,
				BDF9DE4E27850BA400A77D53 /* GroupBoxStyles.swift */,
			);
			path = SwiftUI;
			sourceTree = "<group>";
		};
		BDF9DE502785146000A77D53 /* Favorites */ = {
			isa = PBXGroup;
			children = (
				BDF9DE512785148600A77D53 /* FavoritesVC.swift */,
				BD256E032787D47100F6BD72 /* FavoritesDataStore.swift */,
			);
			path = Favorites;
			sourceTree = "<group>";
		};
/* End PBXGroup section */

/* Begin PBXNativeTarget section */
		BD39DE3D276D3B9200AF8B57 /* NavvyTests */ = {
			isa = PBXNativeTarget;
			buildConfigurationList = BD39DE46276D3B9200AF8B57 /* Build configuration list for PBXNativeTarget "NavvyTests" */;
			buildPhases = (
				BD39DE3A276D3B9200AF8B57 /* Sources */,
				BD39DE3B276D3B9200AF8B57 /* Frameworks */,
				BD39DE3C276D3B9200AF8B57 /* Resources */,
			);
			buildRules = (
			);
			dependencies = (
				BD39DE43276D3B9200AF8B57 /* PBXTargetDependency */,
			);
			name = NavvyTests;
			productName = NavvyTests;
			productReference = BD39DE3E276D3B9200AF8B57 /* NavvyTests.xctest */;
			productType = "com.apple.product-type.bundle.unit-test";
		};
		BD787FF62767FF27009D4F2C /* Navvy */ = {
			isa = PBXNativeTarget;
			buildConfigurationList = BD78800E2767FF29009D4F2C /* Build configuration list for PBXNativeTarget "Navvy" */;
			buildPhases = (
				BD787FF32767FF27009D4F2C /* Sources */,
				BD787FF42767FF27009D4F2C /* Frameworks */,
				BD787FF52767FF27009D4F2C /* Resources */,
			);
			buildRules = (
			);
			dependencies = (
			);
			name = Navvy;
			productName = Navvy;
			productReference = BD787FF72767FF27009D4F2C /* Navvy.app */;
			productType = "com.apple.product-type.application";
		};
/* End PBXNativeTarget section */

/* Begin PBXProject section */
		BD787FEF2767FF27009D4F2C /* Project object */ = {
			isa = PBXProject;
			attributes = {
				BuildIndependentTargetsInParallel = 1;
				LastSwiftUpdateCheck = 1320;
				LastUpgradeCheck = 1310;
				TargetAttributes = {
					BD39DE3D276D3B9200AF8B57 = {
						CreatedOnToolsVersion = 13.2;
						TestTargetID = BD787FF62767FF27009D4F2C;
					};
					BD787FF62767FF27009D4F2C = {
						CreatedOnToolsVersion = 13.1;
					};
				};
			};
			buildConfigurationList = BD787FF22767FF27009D4F2C /* Build configuration list for PBXProject "Navvy" */;
			compatibilityVersion = "Xcode 13.0";
			developmentRegion = en;
			hasScannedForEncodings = 0;
			knownRegions = (
				en,
				Base,
			);
			mainGroup = BD787FEE2767FF27009D4F2C;
			productRefGroup = BD787FF82767FF27009D4F2C /* Products */;
			projectDirPath = "";
			projectRoot = "";
			targets = (
				BD787FF62767FF27009D4F2C /* Navvy */,
				BD39DE3D276D3B9200AF8B57 /* NavvyTests */,
			);
		};
/* End PBXProject section */

/* Begin PBXResourcesBuildPhase section */
		BD39DE3C276D3B9200AF8B57 /* Resources */ = {
			isa = PBXResourcesBuildPhase;
			buildActionMask = 2147483647;
			files = (
			);
			runOnlyForDeploymentPostprocessing = 0;
		};
		BD787FF52767FF27009D4F2C /* Resources */ = {
			isa = PBXResourcesBuildPhase;
			buildActionMask = 2147483647;
			files = (
				BD78800A2767FF29009D4F2C /* LaunchScreen.storyboard in Resources */,
				BD7880072767FF29009D4F2C /* Assets.xcassets in Resources */,
			);
			runOnlyForDeploymentPostprocessing = 0;
		};
/* End PBXResourcesBuildPhase section */

/* Begin PBXSourcesBuildPhase section */
		BD39DE3A276D3B9200AF8B57 /* Sources */ = {
			isa = PBXSourcesBuildPhase;
			buildActionMask = 2147483647;
			files = (
				BD39DE4D276D3BD300AF8B57 /* NavvyAccesibilityHeadingTests.swift in Sources */,
				BD39DE4E276D3BD300AF8B57 /* NavvyDirectionTests.swift in Sources */,
			);
			runOnlyForDeploymentPostprocessing = 0;
		};
		BD787FF32767FF27009D4F2C /* Sources */ = {
			isa = PBXSourcesBuildPhase;
			buildActionMask = 2147483647;
			files = (
				BDF9DE472785056200A77D53 /* SettingsView.swift in Sources */,
				BD78802927682D0B009D4F2C /* DetailedSearchVC.swift in Sources */,
				BD504E27276FB44A0042A247 /* Colors.swift in Sources */,
				BD78801D27680ADC009D4F2C /* LocalSearchPublishers.swift in Sources */,
				BD787FFF2767FF27009D4F2C /* MainTabBarController.swift in Sources */,
				BDF9DE522785148600A77D53 /* FavoritesVC.swift in Sources */,
				BD24D4F42782DC5900E7ED83 /* UIView+addAndPinSubview.swift in Sources */,
				BD39DE39276C2CB200AF8B57 /* CLLocation+Angle.swift in Sources */,
				BD1670052773084400856062 /* SearchMapView.swift in Sources */,
				BD58412E2775B059004841B7 /* Confirmation+Previews.swift in Sources */,
				BDF9DE402784F78300A77D53 /* SettingsStore.swift in Sources */,
				BD24D4F22782DBD500E7ED83 /* SearchMapTableViewCell.swift in Sources */,
				BDE2756827862FF600902106 /* UITableViewCell+reuseId.swift in Sources */,
				BD39DE53276D4B0300AF8B57 /* Publisher+weaklyAssign.swift in Sources */,
				BD78801C27680ADA009D4F2C /* SearchViewModel.swift in Sources */,
				BDF9DE3E2784F40900A77D53 /* SettingsOption.swift in Sources */,
				BD58412927759643004841B7 /* DestinationConfirmationVC.swift in Sources */,
				BD58413A2775B1BD004841B7 /* BeginNavigationButton.swift in Sources */,
				BD788012276800E4009D4F2C /* LocationSearchVC.swift in Sources */,
				BD54D053277D823E00B44F05 /* DestinationDetailsView.swift in Sources */,
				BD78802627682AEB009D4F2C /* MKCoordinateRegion+Extensions.swift in Sources */,
				BD54D0552782B2C300B44F05 /* NavigationVC.swift in Sources */,
				BD39DE37276C28D300AF8B57 /* NavigationViewModel.swift in Sources */,
				BD5F096327683844005ADADC /* SSAnnotation.swift in Sources */,
				BDD22CA72769477C00AE6D0F /* MKPointOfInterestCategory+Icon.swift in Sources */,
				BDF9DE4D278506F300A77D53 /* View+PreviewHelpers.swift in Sources */,
				BD787FFB2767FF27009D4F2C /* AppDelegate.swift in Sources */,
				BDF9DE3C2784F19B00A77D53 /* SettingsVC.swift in Sources */,
				BD78801627680899009D4F2C /* AutocompleteResultsVC.swift in Sources */,
				BD65305B276B0670001CA8C0 /* NavigationManager.swift in Sources */,
				BD58412B2775A8CE004841B7 /* CLLocationCoordinate2D+Formatted.swift in Sources */,
				BD256E092787D7DB00F6BD72 /* AutocompleteTableViewCell.swift in Sources */,
				BD5F096127683292005ADADC /* DetailedSearchTableViewCell.swift in Sources */,
				BD7880052767FF27009D4F2C /* Navvy.xcdatamodeld in Sources */,
				BDF9DE4F27850BA500A77D53 /* GroupBoxStyles.swift in Sources */,
				BD653055276AEE64001CA8C0 /* UIViewController+addChildViewController.swift in Sources */,
				BD787FFD2767FF27009D4F2C /* SceneDelegate.swift in Sources */,
				BD24D4EE2782CFAF00E7ED83 /* String+RawPhoneNumber.swift in Sources */,
				BD256E042787D47100F6BD72 /* FavoritesDataStore.swift in Sources */,
				BD78801E27680AE3009D4F2C /* LocationManager.swift in Sources */,
				BD256E072787D53100F6BD72 /* Destination.swift in Sources */,
				BDF9DE492785067C00A77D53 /* SettingsViewModel.swift in Sources */,
			);
			runOnlyForDeploymentPostprocessing = 0;
		};
/* End PBXSourcesBuildPhase section */

/* Begin PBXTargetDependency section */
		BD39DE43276D3B9200AF8B57 /* PBXTargetDependency */ = {
			isa = PBXTargetDependency;
			target = BD787FF62767FF27009D4F2C /* Navvy */;
			targetProxy = BD39DE42276D3B9200AF8B57 /* PBXContainerItemProxy */;
		};
/* End PBXTargetDependency section */

/* Begin PBXVariantGroup section */
		BD7880082767FF29009D4F2C /* LaunchScreen.storyboard */ = {
			isa = PBXVariantGroup;
			children = (
				BD7880092767FF29009D4F2C /* Base */,
			);
			name = LaunchScreen.storyboard;
			sourceTree = "<group>";
		};
/* End PBXVariantGroup section */

/* Begin XCBuildConfiguration section */
		BD39DE44276D3B9200AF8B57 /* Debug */ = {
			isa = XCBuildConfiguration;
			buildSettings = {
				BUNDLE_LOADER = "$(TEST_HOST)";
				CODE_SIGN_STYLE = Automatic;
				CURRENT_PROJECT_VERSION = 1;
				DEVELOPMENT_TEAM = Q9PPH2T3L2;
				GENERATE_INFOPLIST_FILE = YES;
				IPHONEOS_DEPLOYMENT_TARGET = 15.2;
				MARKETING_VERSION = 1.0;
				PRODUCT_BUNDLE_IDENTIFIER = com.samuelshi.NavvyTests;
				PRODUCT_NAME = "$(TARGET_NAME)";
				SWIFT_EMIT_LOC_STRINGS = NO;
				SWIFT_VERSION = 5.0;
				TARGETED_DEVICE_FAMILY = "1,2";
				TEST_HOST = "$(BUILT_PRODUCTS_DIR)/Navvy.app/Navvy";
			};
			name = Debug;
		};
		BD39DE45276D3B9200AF8B57 /* Release */ = {
			isa = XCBuildConfiguration;
			buildSettings = {
				BUNDLE_LOADER = "$(TEST_HOST)";
				CODE_SIGN_STYLE = Automatic;
				CURRENT_PROJECT_VERSION = 1;
				DEVELOPMENT_TEAM = Q9PPH2T3L2;
				GENERATE_INFOPLIST_FILE = YES;
				IPHONEOS_DEPLOYMENT_TARGET = 15.2;
				MARKETING_VERSION = 1.0;
				PRODUCT_BUNDLE_IDENTIFIER = com.samuelshi.NavvyTests;
				PRODUCT_NAME = "$(TARGET_NAME)";
				SWIFT_EMIT_LOC_STRINGS = NO;
				SWIFT_VERSION = 5.0;
				TARGETED_DEVICE_FAMILY = "1,2";
				TEST_HOST = "$(BUILT_PRODUCTS_DIR)/Navvy.app/Navvy";
			};
			name = Release;
		};
		BD78800C2767FF29009D4F2C /* Debug */ = {
			isa = XCBuildConfiguration;
			buildSettings = {
				ALWAYS_SEARCH_USER_PATHS = NO;
				CLANG_ANALYZER_NONNULL = YES;
				CLANG_ANALYZER_NUMBER_OBJECT_CONVERSION = YES_AGGRESSIVE;
				CLANG_CXX_LANGUAGE_STANDARD = "gnu++17";
				CLANG_CXX_LIBRARY = "libc++";
				CLANG_ENABLE_MODULES = YES;
				CLANG_ENABLE_OBJC_ARC = YES;
				CLANG_ENABLE_OBJC_WEAK = YES;
				CLANG_WARN_BLOCK_CAPTURE_AUTORELEASING = YES;
				CLANG_WARN_BOOL_CONVERSION = YES;
				CLANG_WARN_COMMA = YES;
				CLANG_WARN_CONSTANT_CONVERSION = YES;
				CLANG_WARN_DEPRECATED_OBJC_IMPLEMENTATIONS = YES;
				CLANG_WARN_DIRECT_OBJC_ISA_USAGE = YES_ERROR;
				CLANG_WARN_DOCUMENTATION_COMMENTS = YES;
				CLANG_WARN_EMPTY_BODY = YES;
				CLANG_WARN_ENUM_CONVERSION = YES;
				CLANG_WARN_INFINITE_RECURSION = YES;
				CLANG_WARN_INT_CONVERSION = YES;
				CLANG_WARN_NON_LITERAL_NULL_CONVERSION = YES;
				CLANG_WARN_OBJC_IMPLICIT_RETAIN_SELF = YES;
				CLANG_WARN_OBJC_LITERAL_CONVERSION = YES;
				CLANG_WARN_OBJC_ROOT_CLASS = YES_ERROR;
				CLANG_WARN_QUOTED_INCLUDE_IN_FRAMEWORK_HEADER = YES;
				CLANG_WARN_RANGE_LOOP_ANALYSIS = YES;
				CLANG_WARN_STRICT_PROTOTYPES = YES;
				CLANG_WARN_SUSPICIOUS_MOVE = YES;
				CLANG_WARN_UNGUARDED_AVAILABILITY = YES_AGGRESSIVE;
				CLANG_WARN_UNREACHABLE_CODE = YES;
				CLANG_WARN__DUPLICATE_METHOD_MATCH = YES;
				COPY_PHASE_STRIP = NO;
				DEBUG_INFORMATION_FORMAT = dwarf;
				ENABLE_STRICT_OBJC_MSGSEND = YES;
				ENABLE_TESTABILITY = YES;
				GCC_C_LANGUAGE_STANDARD = gnu11;
				GCC_DYNAMIC_NO_PIC = NO;
				GCC_NO_COMMON_BLOCKS = YES;
				GCC_OPTIMIZATION_LEVEL = 0;
				GCC_PREPROCESSOR_DEFINITIONS = (
					"DEBUG=1",
					"$(inherited)",
				);
				GCC_WARN_64_TO_32_BIT_CONVERSION = YES;
				GCC_WARN_ABOUT_RETURN_TYPE = YES_ERROR;
				GCC_WARN_UNDECLARED_SELECTOR = YES;
				GCC_WARN_UNINITIALIZED_AUTOS = YES_AGGRESSIVE;
				GCC_WARN_UNUSED_FUNCTION = YES;
				GCC_WARN_UNUSED_VARIABLE = YES;
				IPHONEOS_DEPLOYMENT_TARGET = 15.0;
				MTL_ENABLE_DEBUG_INFO = INCLUDE_SOURCE;
				MTL_FAST_MATH = YES;
				ONLY_ACTIVE_ARCH = YES;
				SDKROOT = iphoneos;
				SWIFT_ACTIVE_COMPILATION_CONDITIONS = DEBUG;
				SWIFT_OPTIMIZATION_LEVEL = "-Onone";
			};
			name = Debug;
		};
		BD78800D2767FF29009D4F2C /* Release */ = {
			isa = XCBuildConfiguration;
			buildSettings = {
				ALWAYS_SEARCH_USER_PATHS = NO;
				CLANG_ANALYZER_NONNULL = YES;
				CLANG_ANALYZER_NUMBER_OBJECT_CONVERSION = YES_AGGRESSIVE;
				CLANG_CXX_LANGUAGE_STANDARD = "gnu++17";
				CLANG_CXX_LIBRARY = "libc++";
				CLANG_ENABLE_MODULES = YES;
				CLANG_ENABLE_OBJC_ARC = YES;
				CLANG_ENABLE_OBJC_WEAK = YES;
				CLANG_WARN_BLOCK_CAPTURE_AUTORELEASING = YES;
				CLANG_WARN_BOOL_CONVERSION = YES;
				CLANG_WARN_COMMA = YES;
				CLANG_WARN_CONSTANT_CONVERSION = YES;
				CLANG_WARN_DEPRECATED_OBJC_IMPLEMENTATIONS = YES;
				CLANG_WARN_DIRECT_OBJC_ISA_USAGE = YES_ERROR;
				CLANG_WARN_DOCUMENTATION_COMMENTS = YES;
				CLANG_WARN_EMPTY_BODY = YES;
				CLANG_WARN_ENUM_CONVERSION = YES;
				CLANG_WARN_INFINITE_RECURSION = YES;
				CLANG_WARN_INT_CONVERSION = YES;
				CLANG_WARN_NON_LITERAL_NULL_CONVERSION = YES;
				CLANG_WARN_OBJC_IMPLICIT_RETAIN_SELF = YES;
				CLANG_WARN_OBJC_LITERAL_CONVERSION = YES;
				CLANG_WARN_OBJC_ROOT_CLASS = YES_ERROR;
				CLANG_WARN_QUOTED_INCLUDE_IN_FRAMEWORK_HEADER = YES;
				CLANG_WARN_RANGE_LOOP_ANALYSIS = YES;
				CLANG_WARN_STRICT_PROTOTYPES = YES;
				CLANG_WARN_SUSPICIOUS_MOVE = YES;
				CLANG_WARN_UNGUARDED_AVAILABILITY = YES_AGGRESSIVE;
				CLANG_WARN_UNREACHABLE_CODE = YES;
				CLANG_WARN__DUPLICATE_METHOD_MATCH = YES;
				COPY_PHASE_STRIP = NO;
				DEBUG_INFORMATION_FORMAT = "dwarf-with-dsym";
				ENABLE_NS_ASSERTIONS = NO;
				ENABLE_STRICT_OBJC_MSGSEND = YES;
				GCC_C_LANGUAGE_STANDARD = gnu11;
				GCC_NO_COMMON_BLOCKS = YES;
				GCC_WARN_64_TO_32_BIT_CONVERSION = YES;
				GCC_WARN_ABOUT_RETURN_TYPE = YES_ERROR;
				GCC_WARN_UNDECLARED_SELECTOR = YES;
				GCC_WARN_UNINITIALIZED_AUTOS = YES_AGGRESSIVE;
				GCC_WARN_UNUSED_FUNCTION = YES;
				GCC_WARN_UNUSED_VARIABLE = YES;
				IPHONEOS_DEPLOYMENT_TARGET = 15.0;
				MTL_ENABLE_DEBUG_INFO = NO;
				MTL_FAST_MATH = YES;
				SDKROOT = iphoneos;
				SWIFT_COMPILATION_MODE = wholemodule;
				SWIFT_OPTIMIZATION_LEVEL = "-O";
				VALIDATE_PRODUCT = YES;
			};
			name = Release;
		};
		BD78800F2767FF29009D4F2C /* Debug */ = {
			isa = XCBuildConfiguration;
			buildSettings = {
				ASSETCATALOG_COMPILER_APPICON_NAME = AppIcon;
				ASSETCATALOG_COMPILER_GLOBAL_ACCENT_COLOR_NAME = AccentColor;
				CODE_SIGN_STYLE = Automatic;
				CURRENT_PROJECT_VERSION = 1;
				DEVELOPMENT_TEAM = Q9PPH2T3L2;
				GENERATE_INFOPLIST_FILE = YES;
				INFOPLIST_FILE = Navvy/Info.plist;
				INFOPLIST_KEY_LSApplicationCategoryType = "";
				INFOPLIST_KEY_NSLocationWhenInUseUsageDescription = "For navigation and accurate search results";
				INFOPLIST_KEY_UIApplicationSupportsIndirectInputEvents = YES;
				INFOPLIST_KEY_UILaunchStoryboardName = LaunchScreen;
				INFOPLIST_KEY_UISupportedInterfaceOrientations = UIInterfaceOrientationPortrait;
				INFOPLIST_KEY_UISupportedInterfaceOrientations_iPad = "UIInterfaceOrientationPortrait UIInterfaceOrientationPortraitUpsideDown UIInterfaceOrientationLandscapeLeft UIInterfaceOrientationLandscapeRight";
				INFOPLIST_KEY_UISupportedInterfaceOrientations_iPhone = UIInterfaceOrientationPortrait;
				LD_RUNPATH_SEARCH_PATHS = (
					"$(inherited)",
					"@executable_path/Frameworks",
				);
				MARKETING_VERSION = 2.0.0;
				PRODUCT_BUNDLE_IDENTIFIER = com.samrshi.Navvy;
				PRODUCT_NAME = "$(TARGET_NAME)";
				SWIFT_EMIT_LOC_STRINGS = YES;
				SWIFT_VERSION = 5.0;
				TARGETED_DEVICE_FAMILY = 1;
			};
			name = Debug;
		};
		BD7880102767FF29009D4F2C /* Release */ = {
			isa = XCBuildConfiguration;
			buildSettings = {
				ASSETCATALOG_COMPILER_APPICON_NAME = AppIcon;
				ASSETCATALOG_COMPILER_GLOBAL_ACCENT_COLOR_NAME = AccentColor;
				CODE_SIGN_STYLE = Automatic;
				CURRENT_PROJECT_VERSION = 1;
				DEVELOPMENT_TEAM = Q9PPH2T3L2;
				GENERATE_INFOPLIST_FILE = YES;
				INFOPLIST_FILE = Navvy/Info.plist;
				INFOPLIST_KEY_LSApplicationCategoryType = "";
				INFOPLIST_KEY_NSLocationWhenInUseUsageDescription = "For navigation and accurate search results";
				INFOPLIST_KEY_UIApplicationSupportsIndirectInputEvents = YES;
				INFOPLIST_KEY_UILaunchStoryboardName = LaunchScreen;
				INFOPLIST_KEY_UISupportedInterfaceOrientations = UIInterfaceOrientationPortrait;
				INFOPLIST_KEY_UISupportedInterfaceOrientations_iPad = "UIInterfaceOrientationPortrait UIInterfaceOrientationPortraitUpsideDown UIInterfaceOrientationLandscapeLeft UIInterfaceOrientationLandscapeRight";
				INFOPLIST_KEY_UISupportedInterfaceOrientations_iPhone = UIInterfaceOrientationPortrait;
				LD_RUNPATH_SEARCH_PATHS = (
					"$(inherited)",
					"@executable_path/Frameworks",
				);
				MARKETING_VERSION = 2.0.0;
				PRODUCT_BUNDLE_IDENTIFIER = com.samrshi.Navvy;
				PRODUCT_NAME = "$(TARGET_NAME)";
				SWIFT_EMIT_LOC_STRINGS = YES;
				SWIFT_VERSION = 5.0;
				TARGETED_DEVICE_FAMILY = 1;
			};
			name = Release;
		};
/* End XCBuildConfiguration section */

/* Begin XCConfigurationList section */
		BD39DE46276D3B9200AF8B57 /* Build configuration list for PBXNativeTarget "NavvyTests" */ = {
			isa = XCConfigurationList;
			buildConfigurations = (
				BD39DE44276D3B9200AF8B57 /* Debug */,
				BD39DE45276D3B9200AF8B57 /* Release */,
			);
			defaultConfigurationIsVisible = 0;
			defaultConfigurationName = Release;
		};
		BD787FF22767FF27009D4F2C /* Build configuration list for PBXProject "Navvy" */ = {
			isa = XCConfigurationList;
			buildConfigurations = (
				BD78800C2767FF29009D4F2C /* Debug */,
				BD78800D2767FF29009D4F2C /* Release */,
			);
			defaultConfigurationIsVisible = 0;
			defaultConfigurationName = Release;
		};
		BD78800E2767FF29009D4F2C /* Build configuration list for PBXNativeTarget "Navvy" */ = {
			isa = XCConfigurationList;
			buildConfigurations = (
				BD78800F2767FF29009D4F2C /* Debug */,
				BD7880102767FF29009D4F2C /* Release */,
			);
			defaultConfigurationIsVisible = 0;
			defaultConfigurationName = Release;
		};
/* End XCConfigurationList section */

/* Begin XCVersionGroup section */
		BD7880032767FF27009D4F2C /* Navvy.xcdatamodeld */ = {
			isa = XCVersionGroup;
			children = (
				BD7880042767FF27009D4F2C /* Navvy.xcdatamodel */,
			);
			currentVersion = BD7880042767FF27009D4F2C /* Navvy.xcdatamodel */;
			path = Navvy.xcdatamodeld;
			sourceTree = "<group>";
			versionGroupType = wrapper.xcdatamodel;
		};
/* End XCVersionGroup section */
	};
	rootObject = BD787FEF2767FF27009D4F2C /* Project object */;
}
